
Microsoft Visual Studio Solution File, Format Version 12.00
# Visual Studio 14
VisualStudioVersion = 14.0.25420.1
MinimumVisualStudioVersion = 10.0.40219.1
Project("{FAE04EC0-301F-11D3-BF4B-00C04F79EFBC}") = "TestBank", "TestBank\TestBank.csproj", "{A1D8D891-E9D8-47AF-BCCC-0AB0FBD33168}"
EndProject
Project("{FAE04EC0-301F-11D3-BF4B-00C04F79EFBC}") = "TestBank.Tests", "TestBank.Tests\TestBank.Tests.csproj", "{0192D266-23E3-4E3B-8044-ADE40AF119EF}"
EndProject
Global
	GlobalSection(SolutionConfigurationPlatforms) = preSolution
		Debug|Any CPU = Debug|Any CPU
		Release|Any CPU = Release|Any CPU
	EndGlobalSection
	GlobalSection(ProjectConfigurationPlatforms) = postSolution
		{A1D8D891-E9D8-47AF-BCCC-0AB0FBD33168}.Debug|Any CPU.ActiveCfg = Debug|Any CPU
		{A1D8D891-E9D8-47AF-BCCC-0AB0FBD33168}.Debug|Any CPU.Build.0 = Debug|Any CPU
		{A1D8D891-E9D8-47AF-BCCC-0AB0FBD33168}.Release|Any CPU.ActiveCfg = Release|Any CPU
		{A1D8D891-E9D8-47AF-BCCC-0AB0FBD33168}.Release|Any CPU.Build.0 = Release|Any CPU
		{0192D266-23E3-4E3B-8044-ADE40AF119EF}.Debug|Any CPU.ActiveCfg = Debug|Any CPU
		{0192D266-23E3-4E3B-8044-ADE40AF119EF}.Debug|Any CPU.Build.0 = Debug|Any CPU
		{0192D266-23E3-4E3B-8044-ADE40AF119EF}.Release|Any CPU.ActiveCfg = Release|Any CPU
		{0192D266-23E3-4E3B-8044-ADE40AF119EF}.Release|Any CPU.Build.0 = Release|Any CPU
	EndGlobalSection
	GlobalSection(SolutionProperties) = preSolution
		HideSolutionNode = FALSE
	EndGlobalSection
EndGlobal
